
Microsoft Visual Studio Solution File, Format Version 12.00
# Visual Studio 15
VisualStudioVersion = 15.0.28307.102
MinimumVisualStudioVersion = 10.0.40219.1
Project("{FAE04EC0-301F-11D3-BF4B-00C04F79EFBC}") = "Xam.SweetAlert.Droid.Test", "Xam.SweetAlert.Droid.Test\Xam.SweetAlert.Droid.Test.csproj", "{3BC0AC7E-3B3B-4D3F-9CC0-B2BDECC460A6}"
EndProject
Project("{FAE04EC0-301F-11D3-BF4B-00C04F79EFBC}") = "Xam.SweetAlert.Droid", "Xam.SweetAlert.Droid\Xam.SweetAlert.Droid.csproj", "{CAD75ED0-1B9F-4DEF-BD9B-4E532E28F47A}"
EndProject
Global
	GlobalSection(SolutionConfigurationPlatforms) = preSolution
		Debug|Any CPU = Debug|Any CPU
		Release|Any CPU = Release|Any CPU
	EndGlobalSection
	GlobalSection(ProjectConfigurationPlatforms) = postSolution
		{3BC0AC7E-3B3B-4D3F-9CC0-B2BDECC460A6}.Debug|Any CPU.ActiveCfg = Debug|Any CPU
		{3BC0AC7E-3B3B-4D3F-9CC0-B2BDECC460A6}.Debug|Any CPU.Build.0 = Debug|Any CPU
		{3BC0AC7E-3B3B-4D3F-9CC0-B2BDECC460A6}.Debug|Any CPU.Deploy.0 = Debug|Any CPU
		{3BC0AC7E-3B3B-4D3F-9CC0-B2BDECC460A6}.Release|Any CPU.ActiveCfg = Release|Any CPU
		{3BC0AC7E-3B3B-4D3F-9CC0-B2BDECC460A6}.Release|Any CPU.Build.0 = Release|Any CPU
		{3BC0AC7E-3B3B-4D3F-9CC0-B2BDECC460A6}.Release|Any CPU.Deploy.0 = Release|Any CPU
		{CAD75ED0-1B9F-4DEF-BD9B-4E532E28F47A}.Debug|Any CPU.ActiveCfg = Debug|Any CPU
		{CAD75ED0-1B9F-4DEF-BD9B-4E532E28F47A}.Debug|Any CPU.Build.0 = Debug|Any CPU
		{CAD75ED0-1B9F-4DEF-BD9B-4E532E28F47A}.Release|Any CPU.ActiveCfg = Release|Any CPU
		{CAD75ED0-1B9F-4DEF-BD9B-4E532E28F47A}.Release|Any CPU.Build.0 = Release|Any CPU
	EndGlobalSection
	GlobalSection(SolutionProperties) = preSolution
		HideSolutionNode = FALSE
	EndGlobalSection
	GlobalSection(ExtensibilityGlobals) = postSolution
		SolutionGuid = {0A5D7FEA-5F78-42B7-9A50-39F350C285A1}
	EndGlobalSection
EndGlobal
